
Microsoft Visual Studio Solution File, Format Version 12.00
# Visual Studio 15
Project("{FAE04EC0-301F-11D3-BF4B-00C04F79EFBC}") = "Assembly-CSharp", "Assembly-CSharp.csproj", "{2AE90DFC-31C0-EF44-5E2F-C8CCA3A111E3}"
EndProject
Project("{FAE04EC0-301F-11D3-BF4B-00C04F79EFBC}") = "Assembly-CSharp-firstpass", "Assembly-CSharp-firstpass.csproj", "{53024BB3-5D49-9845-BF37-BF112C51014A}"
EndProject
Project("{FAE04EC0-301F-11D3-BF4B-00C04F79EFBC}") = "Assembly-CSharp-Editor", "Assembly-CSharp-Editor.csproj", "{7055599D-4255-0A43-C768-8BACDF867D30}"
EndProject
Global
	GlobalSection(SolutionConfigurationPlatforms) = preSolution
		Debug|Any CPU = Debug|Any CPU
		Release|Any CPU = Release|Any CPU
	EndGlobalSection
	GlobalSection(ProjectConfigurationPlatforms) = postSolution
		{2AE90DFC-31C0-EF44-5E2F-C8CCA3A111E3}.Debug|Any CPU.ActiveCfg = Debug|Any CPU
		{2AE90DFC-31C0-EF44-5E2F-C8CCA3A111E3}.Debug|Any CPU.Build.0 = Debug|Any CPU
		{2AE90DFC-31C0-EF44-5E2F-C8CCA3A111E3}.Release|Any CPU.ActiveCfg = Release|Any CPU
		{2AE90DFC-31C0-EF44-5E2F-C8CCA3A111E3}.Release|Any CPU.Build.0 = Release|Any CPU
		{53024BB3-5D49-9845-BF37-BF112C51014A}.Debug|Any CPU.ActiveCfg = Debug|Any CPU
		{53024BB3-5D49-9845-BF37-BF112C51014A}.Debug|Any CPU.Build.0 = Debug|Any CPU
		{53024BB3-5D49-9845-BF37-BF112C51014A}.Release|Any CPU.ActiveCfg = Release|Any CPU
		{53024BB3-5D49-9845-BF37-BF112C51014A}.Release|Any CPU.Build.0 = Release|Any CPU
		{7055599D-4255-0A43-C768-8BACDF867D30}.Debug|Any CPU.ActiveCfg = Debug|Any CPU
		{7055599D-4255-0A43-C768-8BACDF867D30}.Debug|Any CPU.Build.0 = Debug|Any CPU
		{7055599D-4255-0A43-C768-8BACDF867D30}.Release|Any CPU.ActiveCfg = Release|Any CPU
		{7055599D-4255-0A43-C768-8BACDF867D30}.Release|Any CPU.Build.0 = Release|Any CPU
	EndGlobalSection
	GlobalSection(SolutionProperties) = preSolution
		HideSolutionNode = FALSE
	EndGlobalSection
EndGlobal
